# THIS IS AN AUTOGENERATED FILE. DO NOT EDIT THIS FILE DIRECTLY.
# yarn lockfile v1


"@babel/runtime@7.9.6":
  version "7.9.6"
  resolved "https://registry.yarnpkg.com/@babel/runtime/-/runtime-7.9.6.tgz#a9102eb5cadedf3f31d08a9ecf294af7827ea29f"
  integrity sha512-64AF1xY3OAkFHqOb9s4jpgk1Mm5vDZ4L3acHvAml+53nO1XbXLuDodsVpO4OIUsmemlUHMxNdYMNJmsvOwLrvQ==
  dependencies:
    regenerator-runtime "^0.13.4"

"@babel/runtime@^7.1.2", "@babel/runtime@^7.6.2":
  version "7.17.9"
  resolved "https://registry.yarnpkg.com/@babel/runtime/-/runtime-7.17.9.tgz#d19fbf802d01a8cb6cf053a64e472d42c434ba72"
  integrity sha512-lSiBBvodq29uShpWGNbgFdKYNiFDo5/HIYsaCEY9ff4sb10x9jizo2+pRrSyF4jKZCXqgzuqBOQKbUm90gQwJg==
  dependencies:
    regenerator-runtime "^0.13.4"

"@formatjs/ecma402-abstract@1.11.4":
  version "1.11.4"
  resolved "https://registry.yarnpkg.com/@formatjs/ecma402-abstract/-/ecma402-abstract-1.11.4.tgz#b962dfc4ae84361f9f08fbce411b4e4340930eda"
  integrity sha512-EBikYFp2JCdIfGEb5G9dyCkTGDmC57KSHhRQOC3aYxoPWVZvfWCDjZwkGYHN7Lis/fmuWl906bnNTJifDQ3sXw==
  dependencies:
    "@formatjs/intl-localematcher" "0.2.25"
    tslib "^2.1.0"

"@formatjs/fast-memoize@1.2.1":
  version "1.2.1"
  resolved "https://registry.yarnpkg.com/@formatjs/fast-memoize/-/fast-memoize-1.2.1.tgz#e6f5aee2e4fd0ca5edba6eba7668e2d855e0fc21"
  integrity sha512-Rg0e76nomkz3vF9IPlKeV+Qynok0r7YZjL6syLz4/urSg0IbjPZCB/iYUMNsYA643gh4mgrX3T7KEIFIxJBQeg==
  dependencies:
    tslib "^2.1.0"

"@formatjs/icu-messageformat-parser@2.1.0":
  version "2.1.0"
  resolved "https://registry.yarnpkg.com/@formatjs/icu-messageformat-parser/-/icu-messageformat-parser-2.1.0.tgz#a54293dd7f098d6a6f6a084ab08b6d54a3e8c12d"
  integrity sha512-Qxv/lmCN6hKpBSss2uQ8IROVnta2r9jd3ymUEIjm2UyIkUCHVcbUVRGL/KS/wv7876edvsPe+hjHVJ4z8YuVaw==
  dependencies:
    "@formatjs/ecma402-abstract" "1.11.4"
    "@formatjs/icu-skeleton-parser" "1.3.6"
    tslib "^2.1.0"

"@formatjs/icu-skeleton-parser@1.3.6":
  version "1.3.6"
  resolved "https://registry.yarnpkg.com/@formatjs/icu-skeleton-parser/-/icu-skeleton-parser-1.3.6.tgz#4ce8c0737d6f07b735288177049e97acbf2e8964"
  integrity sha512-I96mOxvml/YLrwU2Txnd4klA7V8fRhb6JG/4hm3VMNmeJo1F03IpV2L3wWt7EweqNLES59SZ4d6hVOPCSf80Bg==
  dependencies:
    "@formatjs/ecma402-abstract" "1.11.4"
    tslib "^2.1.0"

"@formatjs/intl-localematcher@0.2.25":
  version "0.2.25"
  resolved "https://registry.yarnpkg.com/@formatjs/intl-localematcher/-/intl-localematcher-0.2.25.tgz#60892fe1b271ec35ba07a2eb018a2dd7bca6ea3a"
  integrity sha512-YmLcX70BxoSopLFdLr1Ds99NdlTI2oWoLbaUW2M406lxOIPzE1KQhRz2fPUkq34xVZQaihCoU29h0KK7An3bhA==
  dependencies:
    tslib "^2.1.0"

"@internationalized/date@3.0.0-rc.0":
  version "3.0.0-rc.0"
  resolved "https://registry.yarnpkg.com/@internationalized/date/-/date-3.0.0-rc.0.tgz#7050a46c7abc036e32311b6bda79553dd249a867"
  integrity sha512-R8ui3O2G43fZ/z5cBdJuU6nswKtuVrKloDE6utvqKEeGf6igFoiapcjg7jbQ+WvWIDGtdUytOp2fOq/X4efBdQ==
  dependencies:
    "@babel/runtime" "^7.6.2"

"@internationalized/message@^3.0.6":
  version "3.0.6"
  resolved "https://registry.yarnpkg.com/@internationalized/message/-/message-3.0.6.tgz#3265be5c5bc70dc56e9a3e59ea08a3f3905ebb31"
  integrity sha512-ECk3toFy87I2z5zipRNwdbouvRlIyMKb/FzKj1upMaNS52AKhpvrLgo3CY/ZXQKm4CRIbeh6p/F/Ztt+enhIEA==
  dependencies:
    "@babel/runtime" "^7.6.2"
    intl-messageformat "^9.12.0"

"@internationalized/number@^3.1.0":
  version "3.1.0"
  resolved "https://registry.yarnpkg.com/@internationalized/number/-/number-3.1.0.tgz#441c262e43344371b17765cf691e54df5ab8726b"
  integrity sha512-CEts+2rIB4QveKeeF6xIHdn8aLVvUt5aiarkpCZgtMyYqfqo/ZBELf2UyhvLPGpRxcF24ClCISMTP9BTVreSAg==
  dependencies:
    "@babel/runtime" "^7.6.2"

"@ioredis/commands@^1.1.1":
  version "1.1.1"
  resolved "https://registry.npmjs.org/@ioredis/commands/-/commands-1.1.1.tgz"
  integrity sha512-fsR4P/ROllzf/7lXYyElUJCheWdTJVJvOTps8v9IWKFATxR61ANOlnoPqhH099xYLrJGpc2ZQ28B3rMeUt5VQg==

"@next/env@12.1.6":
  version "12.1.6"
  resolved "https://registry.npmjs.org/@next/env/-/env-12.1.6.tgz"
  integrity sha512-Te/OBDXFSodPU6jlXYPAXpmZr/AkG6DCATAxttQxqOWaq6eDFX25Db3dK0120GZrSZmv4QCe9KsZmJKDbWs4OA==

"@next/swc-android-arm-eabi@12.1.6":
  version "12.1.6"
  resolved "https://registry.yarnpkg.com/@next/swc-android-arm-eabi/-/swc-android-arm-eabi-12.1.6.tgz#79a35349b98f2f8c038ab6261aa9cd0d121c03f9"
  integrity sha512-BxBr3QAAAXWgk/K7EedvzxJr2dE014mghBSA9iOEAv0bMgF+MRq4PoASjuHi15M2zfowpcRG8XQhMFtxftCleQ==

"@next/swc-android-arm64@12.1.6":
  version "12.1.6"
  resolved "https://registry.yarnpkg.com/@next/swc-android-arm64/-/swc-android-arm64-12.1.6.tgz#ec08ea61794f8752c8ebcacbed0aafc5b9407456"
  integrity sha512-EboEk3ROYY7U6WA2RrMt/cXXMokUTXXfnxe2+CU+DOahvbrO8QSWhlBl9I9ZbFzJx28AGB9Yo3oQHCvph/4Lew==

"@next/swc-darwin-arm64@12.1.6":
  version "12.1.6"
  resolved "https://registry.npmjs.org/@next/swc-darwin-arm64/-/swc-darwin-arm64-12.1.6.tgz"
  integrity sha512-P0EXU12BMSdNj1F7vdkP/VrYDuCNwBExtRPDYawgSUakzi6qP0iKJpya2BuLvNzXx+XPU49GFuDC5X+SvY0mOw==

"@next/swc-darwin-x64@12.1.6":
  version "12.1.6"
  resolved "https://registry.yarnpkg.com/@next/swc-darwin-x64/-/swc-darwin-x64-12.1.6.tgz#2d1b926a22f4c5230d5b311f9c56cfdcc406afec"
  integrity sha512-9FptMnbgHJK3dRDzfTpexs9S2hGpzOQxSQbe8omz6Pcl7rnEp9x4uSEKY51ho85JCjL4d0tDLBcXEJZKKLzxNg==

"@next/swc-linux-arm-gnueabihf@12.1.6":
  version "12.1.6"
  resolved "https://registry.yarnpkg.com/@next/swc-linux-arm-gnueabihf/-/swc-linux-arm-gnueabihf-12.1.6.tgz#c021918d2a94a17f823106a5e069335b8a19724f"
  integrity sha512-PvfEa1RR55dsik/IDkCKSFkk6ODNGJqPY3ysVUZqmnWMDSuqFtf7BPWHFa/53znpvVB5XaJ5Z1/6aR5CTIqxPw==

"@next/swc-linux-arm64-gnu@12.1.6":
  version "12.1.6"
  resolved "https://registry.yarnpkg.com/@next/swc-linux-arm64-gnu/-/swc-linux-arm64-gnu-12.1.6.tgz#ac55c07bfabde378dfa0ce2b8fc1c3b2897e81ae"
  integrity sha512-53QOvX1jBbC2ctnmWHyRhMajGq7QZfl974WYlwclXarVV418X7ed7o/EzGY+YVAEKzIVaAB9JFFWGXn8WWo0gQ==

"@next/swc-linux-arm64-musl@12.1.6":
  version "12.1.6"
  resolved "https://registry.yarnpkg.com/@next/swc-linux-arm64-musl/-/swc-linux-arm64-musl-12.1.6.tgz#e429f826279894be9096be6bec13e75e3d6bd671"
  integrity sha512-CMWAkYqfGdQCS+uuMA1A2UhOfcUYeoqnTW7msLr2RyYAys15pD960hlDfq7QAi8BCAKk0sQ2rjsl0iqMyziohQ==

"@next/swc-linux-x64-gnu@12.1.6":
  version "12.1.6"
  resolved "https://registry.yarnpkg.com/@next/swc-linux-x64-gnu/-/swc-linux-x64-gnu-12.1.6.tgz#1f276c0784a5ca599bfa34b2fcc0b38f3a738e08"
  integrity sha512-AC7jE4Fxpn0s3ujngClIDTiEM/CQiB2N2vkcyWWn6734AmGT03Duq6RYtPMymFobDdAtZGFZd5nR95WjPzbZAQ==

"@next/swc-linux-x64-musl@12.1.6":
  version "12.1.6"
  resolved "https://registry.yarnpkg.com/@next/swc-linux-x64-musl/-/swc-linux-x64-musl-12.1.6.tgz#1d9933dd6ba303dcfd8a2acd6ac7c27ed41e2eea"
  integrity sha512-c9Vjmi0EVk0Kou2qbrynskVarnFwfYIi+wKufR9Ad7/IKKuP6aEhOdZiIIdKsYWRtK2IWRF3h3YmdnEa2WLUag==

"@next/swc-win32-arm64-msvc@12.1.6":
  version "12.1.6"
  resolved "https://registry.yarnpkg.com/@next/swc-win32-arm64-msvc/-/swc-win32-arm64-msvc-12.1.6.tgz#2ef9837f12ca652b1783d72ecb86208906042f02"
  integrity sha512-3UTOL/5XZSKFelM7qN0it35o3Cegm6LsyuERR3/OoqEExyj3aCk7F025b54/707HTMAnjlvQK3DzLhPu/xxO4g==

"@next/swc-win32-ia32-msvc@12.1.6":
  version "12.1.6"
  resolved "https://registry.yarnpkg.com/@next/swc-win32-ia32-msvc/-/swc-win32-ia32-msvc-12.1.6.tgz#74003d0aa1c59dfa56cb15481a5c607cbc0027b9"
  integrity sha512-8ZWoj6nCq6fI1yCzKq6oK0jE6Mxlz4MrEsRyu0TwDztWQWe7rh4XXGLAa2YVPatYcHhMcUL+fQQbqd1MsgaSDA==

"@next/swc-win32-x64-msvc@12.1.6":
  version "12.1.6"
  resolved "https://registry.yarnpkg.com/@next/swc-win32-x64-msvc/-/swc-win32-x64-msvc-12.1.6.tgz#a350caf42975e7197b24b495b8d764eec7e6a36e"
  integrity sha512-4ZEwiRuZEicXhXqmhw3+de8Z4EpOLQj/gp+D9fFWo6ii6W1kBkNNvvEx4A90ugppu+74pT1lIJnOuz3A9oQeJA==

"@nextui-org/react@^1.0.0-beta.7":
  version "1.0.0-beta.7"
  resolved "https://registry.yarnpkg.com/@nextui-org/react/-/react-1.0.0-beta.7.tgz#80e054fd9c886569127b7b76c7467bdbdac21136"
  integrity sha512-yy40vZuwbE4JhNfAnrkRsPBf9yAT7d7VjqKhmhnDEixhhNqRRNbjLmeMdAlRAwRA4Zhct8MiECVQi+4Z28OPcQ==
  dependencies:
    "@babel/runtime" "7.9.6"
    "@react-aria/button" "3.4.4"
    "@react-aria/checkbox" "3.3.4"
    "@react-aria/dialog" "3.1.9"
    "@react-aria/focus" "3.5.5"
    "@react-aria/i18n" "3.3.9"
    "@react-aria/interactions" "3.8.4"
    "@react-aria/label" "3.2.5"
    "@react-aria/overlays" "3.8.2"
    "@react-aria/ssr" "3.1.2"
    "@react-aria/table" "3.2.4"
    "@react-aria/utils" "3.12.0"
    "@react-aria/visually-hidden" "3.2.8"
    "@react-stately/checkbox" "3.0.7"
    "@react-stately/data" "3.4.7"
    "@react-stately/overlays" "3.2.0"
    "@react-stately/table" "3.1.3"
    "@react-stately/toggle" "3.2.7"
    "@react-types/button" "^3.4.5"
    "@react-types/checkbox" "3.2.7"
    "@react-types/grid" "3.0.4"
    "@react-types/overlays" "3.5.5"
    "@react-types/shared" "3.12.0"
    "@stitches/react" "1.2.8"

"@react-aria/button@3.4.4":
  version "3.4.4"
  resolved "https://registry.yarnpkg.com/@react-aria/button/-/button-3.4.4.tgz#7bd5c8852c51426dd27b3d9d237d2bc34415c4a9"
  integrity sha512-Z4jh8WLXNk8BJZ28beXTJWFwnhdjyC6ymby7qD/UDckqbm5OqM18EqYbKmJVF3+MRScunZdGg2aw0jkNpzo+3w==
  dependencies:
    "@babel/runtime" "^7.6.2"
    "@react-aria/focus" "^3.5.5"
    "@react-aria/interactions" "^3.8.4"
    "@react-aria/utils" "^3.12.0"
    "@react-stately/toggle" "^3.2.7"
    "@react-types/button" "^3.4.5"

"@react-aria/checkbox@3.3.4":
  version "3.3.4"
  resolved "https://registry.yarnpkg.com/@react-aria/checkbox/-/checkbox-3.3.4.tgz#f59a65bdc41894d47717ede7b31f49a29f539ba7"
  integrity sha512-5IJff+hzNR0LJgNyNJPgu8ElTN8Df1GDHDySdD7gP2Sv5916x1eTx+hZlYq4FUyTsOlW6QuynQ0jrQUK4xAnRA==
  dependencies:
    "@babel/runtime" "^7.6.2"
    "@react-aria/label" "^3.2.5"
    "@react-aria/toggle" "^3.2.4"
    "@react-aria/utils" "^3.12.0"
    "@react-stately/checkbox" "^3.0.7"
    "@react-stately/toggle" "^3.2.7"
    "@react-types/checkbox" "^3.2.7"

"@react-aria/dialog@3.1.9":
  version "3.1.9"
  resolved "https://registry.yarnpkg.com/@react-aria/dialog/-/dialog-3.1.9.tgz#01f3256f7fb83936361ed38a27aeaeed23ffb87d"
  integrity sha512-S/HE6XxBU9AiL4TGBjmz4CAEXjCD9nwvV5ofBKlbfPzgimmmSJj3SVNtsawKIt3KyP9AEioyJydM/vbGfccJlw==
  dependencies:
    "@babel/runtime" "^7.6.2"
    "@react-aria/focus" "^3.5.5"
    "@react-aria/utils" "^3.12.0"
    "@react-stately/overlays" "^3.2.0"
    "@react-types/dialog" "^3.3.5"

"@react-aria/focus@3.5.5", "@react-aria/focus@^3.5.3", "@react-aria/focus@^3.5.5":
  version "3.5.5"
  resolved "https://registry.yarnpkg.com/@react-aria/focus/-/focus-3.5.5.tgz#d5e3eb7af8612e8dafda214746084766e55c4b01"
  integrity sha512-scv+jhbQ25JCh36gu8a++edvdEFdlRScdQdnkJOB4NbHbYYfY36APtI70hgQHdfq9dDl5fJ9LMsH9hoF7X3gLw==
  dependencies:
    "@babel/runtime" "^7.6.2"
    "@react-aria/interactions" "^3.8.4"
    "@react-aria/utils" "^3.12.0"
    "@react-types/shared" "^3.12.0"
    clsx "^1.1.1"

"@react-aria/grid@^3.2.4":
  version "3.2.6"
  resolved "https://registry.yarnpkg.com/@react-aria/grid/-/grid-3.2.6.tgz#ae4fe7e48e4de021640039922b875bc97edfbe57"
  integrity sha512-hNQHJkedMMAj+XmqbFW97Nybe5nEh+mRWB5SD7yuIvBLOFxnWid2BUF6zRA6nkZpfsPPTY1YHefgCGzQTFxbNQ==
  dependencies:
    "@babel/runtime" "^7.6.2"
    "@react-aria/focus" "^3.5.5"
    "@react-aria/i18n" "^3.3.9"
    "@react-aria/interactions" "^3.8.4"
    "@react-aria/live-announcer" "^3.0.6"
    "@react-aria/selection" "^3.8.2"
    "@react-aria/utils" "^3.12.0"
    "@react-stately/grid" "^3.1.4"
    "@react-stately/selection" "^3.9.4"
    "@react-stately/virtualizer" "^3.1.9"
    "@react-types/checkbox" "^3.2.7"
    "@react-types/grid" "^3.0.4"
    "@react-types/shared" "^3.12.0"

"@react-aria/i18n@3.3.9", "@react-aria/i18n@^3.3.7", "@react-aria/i18n@^3.3.9":
  version "3.3.9"
  resolved "https://registry.yarnpkg.com/@react-aria/i18n/-/i18n-3.3.9.tgz#58c69e650bd00e94270e2dc31ad85ffd2ee10f04"
  integrity sha512-EOqiOu84NYH/CW0s/tt3yDqDsjHlrHdi5qzrOGpGN/BvxtA/4UkMBdi8TTKXdRk8oHUIdNW1z5mZxzxkLDy1sA==
  dependencies:
    "@babel/runtime" "^7.6.2"
    "@internationalized/date" "3.0.0-rc.0"
    "@internationalized/message" "^3.0.6"
    "@internationalized/number" "^3.1.0"
    "@react-aria/ssr" "^3.1.2"
    "@react-aria/utils" "^3.12.0"
    "@react-types/shared" "^3.12.0"

"@react-aria/interactions@3.8.4", "@react-aria/interactions@^3.8.2", "@react-aria/interactions@^3.8.4":
  version "3.8.4"
  resolved "https://registry.yarnpkg.com/@react-aria/interactions/-/interactions-3.8.4.tgz#f3704470b70f150b753bba01a8714f97d6299906"
  integrity sha512-6EHFKK8pmjSJSKcBbduijPETKqE669XZ1VaEY8ubr6VnlVhCszvKHoxpU384CkNiDNLJOVkK6HDzPXsn3lxhng==
  dependencies:
    "@babel/runtime" "^7.6.2"
    "@react-aria/utils" "^3.12.0"
    "@react-types/shared" "^3.12.0"

"@react-aria/label@3.2.5", "@react-aria/label@^3.2.5":
  version "3.2.5"
  resolved "https://registry.yarnpkg.com/@react-aria/label/-/label-3.2.5.tgz#f1aafc2531540e56df1221233bab343fcfb84dc2"
  integrity sha512-MkcPa7Ps/BsWTctH7IgVWtYENwrByfYMPmYdZCgotI0MiI6wK4LWwRaUQmfc7mWwJ7ns2NPyBRwrzJT4+RRbew==
  dependencies:
    "@babel/runtime" "^7.6.2"
    "@react-aria/utils" "^3.12.0"
    "@react-types/label" "^3.5.4"
    "@react-types/shared" "^3.12.0"

"@react-aria/live-announcer@^3.0.4", "@react-aria/live-announcer@^3.0.6":
  version "3.0.6"
  resolved "https://registry.yarnpkg.com/@react-aria/live-announcer/-/live-announcer-3.0.6.tgz#cf57ed51b5f693af28f41a19e91086109154fec7"
  integrity sha512-dXd5knYAFQPNr4ApxGwHXIDBuO50d9koat1ViFI22yS1QJF3y1dcIkBHfiAWIUtGr8AbRbWDZZnHtKrfPl25Zg==
  dependencies:
    "@babel/runtime" "^7.6.2"
    "@react-aria/utils" "^3.12.0"
    "@react-aria/visually-hidden" "^3.2.8"

"@react-aria/overlays@3.8.2":
  version "3.8.2"
  resolved "https://registry.yarnpkg.com/@react-aria/overlays/-/overlays-3.8.2.tgz#630177cdd20bd6aa20e3516485d90003390d896e"
  integrity sha512-HeOkYUILH4CrMVv3HkTrcK1jeZ2NJ7tS39tTciEGZ9JO1d8nUJ5jzDGGiQ587T9YWc1EYxiA+fbnn5Krxyq8IQ==
  dependencies:
    "@babel/runtime" "^7.6.2"
    "@react-aria/i18n" "^3.3.9"
    "@react-aria/interactions" "^3.8.4"
    "@react-aria/utils" "^3.12.0"
    "@react-aria/visually-hidden" "^3.2.8"
    "@react-stately/overlays" "^3.2.0"
    "@react-types/button" "^3.4.5"
    "@react-types/overlays" "^3.5.5"
    "@react-types/shared" "^3.12.0"
    dom-helpers "^3.3.1"

"@react-aria/selection@^3.8.0", "@react-aria/selection@^3.8.2":
  version "3.8.2"
  resolved "https://registry.yarnpkg.com/@react-aria/selection/-/selection-3.8.2.tgz#0e64c412ee8e73268994e72f4cb28f5b1100aff9"
  integrity sha512-sBkSza8kT06tUKzIX68H2k+svYNCBOwhHmU0gbx164CmitCLk/akDGIds3LeoA9FhFFXw6/5CuLp6SNhmqlLWw==
  dependencies:
    "@babel/runtime" "^7.6.2"
    "@react-aria/focus" "^3.5.5"
    "@react-aria/i18n" "^3.3.9"
    "@react-aria/interactions" "^3.8.4"
    "@react-aria/utils" "^3.12.0"
    "@react-stately/collections" "^3.3.8"
    "@react-stately/selection" "^3.9.4"
    "@react-types/shared" "^3.12.0"

"@react-aria/ssr@3.1.2", "@react-aria/ssr@^3.1.2":
  version "3.1.2"
  resolved "https://registry.yarnpkg.com/@react-aria/ssr/-/ssr-3.1.2.tgz#665a6fd56385068c7417922af2d0d71b0618e52d"
  integrity sha512-amXY11ImpokvkTMeKRHjsSsG7v1yzzs6yeqArCyBIk60J3Yhgxwx9Cah+Uu/804ATFwqzN22AXIo7SdtIaMP+g==
  dependencies:
    "@babel/runtime" "^7.6.2"

"@react-aria/table@3.2.4":
  version "3.2.4"
  resolved "https://registry.yarnpkg.com/@react-aria/table/-/table-3.2.4.tgz#6d11265983f5a553b0c0b1a849bf6c26161d19d8"
  integrity sha512-2t/EGyNAYsU841ZPLYUkwN+tdXztccgllUJ9qL5a0RJm7DYKKFHHsAYWmnV5ONj/tXqNZQfoqJSzsL6wpTXOZw==
  dependencies:
    "@babel/runtime" "^7.6.2"
    "@react-aria/focus" "^3.5.3"
    "@react-aria/grid" "^3.2.4"
    "@react-aria/i18n" "^3.3.7"
    "@react-aria/interactions" "^3.8.2"
    "@react-aria/live-announcer" "^3.0.4"
    "@react-aria/selection" "^3.8.0"
    "@react-aria/utils" "^3.11.3"
    "@react-stately/table" "^3.1.3"
    "@react-stately/virtualizer" "^3.1.8"
    "@react-types/checkbox" "^3.2.6"
    "@react-types/grid" "^3.0.3"
    "@react-types/shared" "^3.11.2"
    "@react-types/table" "^3.1.3"

"@react-aria/toggle@^3.2.4":
  version "3.2.4"
  resolved "https://registry.yarnpkg.com/@react-aria/toggle/-/toggle-3.2.4.tgz#b4cb71782c4f4bfbfa858a37c1fd71d6470e490f"
  integrity sha512-q1NiUKkWt9trgVj/VvKrTpe/tvNcsM9ie5JJVxikF4moPCyIqxRWaDzi2/g/63c1I6LZDMVT4v6V5tk9xgfuiQ==
  dependencies:
    "@babel/runtime" "^7.6.2"
    "@react-aria/focus" "^3.5.5"
    "@react-aria/interactions" "^3.8.4"
    "@react-aria/utils" "^3.12.0"
    "@react-stately/toggle" "^3.2.7"
    "@react-types/checkbox" "^3.2.7"
    "@react-types/shared" "^3.12.0"
    "@react-types/switch" "^3.1.6"

"@react-aria/utils@3.12.0", "@react-aria/utils@^3.11.3", "@react-aria/utils@^3.12.0":
  version "3.12.0"
  resolved "https://registry.yarnpkg.com/@react-aria/utils/-/utils-3.12.0.tgz#39d0f37525e050356c4de725c85d9b10e7a5c0d9"
  integrity sha512-1TMrE7UpgTgQHgW3z0r6Zo4CTUDwNsZEwzg+mQVub8ZalonhuNs5OrulUn+lRIsGELNktGNkeh/29WsS1Od8eg==
  dependencies:
    "@babel/runtime" "^7.6.2"
    "@react-aria/ssr" "^3.1.2"
    "@react-stately/utils" "^3.4.1"
    "@react-types/shared" "^3.12.0"
    clsx "^1.1.1"

"@react-aria/visually-hidden@3.2.8", "@react-aria/visually-hidden@^3.2.8":
  version "3.2.8"
  resolved "https://registry.yarnpkg.com/@react-aria/visually-hidden/-/visually-hidden-3.2.8.tgz#1f3531f065752f642089a584a402de0fa1daa288"
  integrity sha512-SLBID66sUZrCdxaxLhgxypF/UyGuFVFGc+VhqmFi9QacDfAQcoT3DQyXEaKUIDMVtwAtSuWl7BpuooEctKBe6Q==
  dependencies:
    "@babel/runtime" "^7.6.2"
    "@react-aria/interactions" "^3.8.4"
    "@react-aria/utils" "^3.12.0"
    clsx "^1.1.1"

"@react-stately/checkbox@3.0.7", "@react-stately/checkbox@^3.0.7":
  version "3.0.7"
  resolved "https://registry.yarnpkg.com/@react-stately/checkbox/-/checkbox-3.0.7.tgz#c3c77832e90087d20a4facc66aae8a22ce59b447"
  integrity sha512-dBY4x3qWoCO2IFeTVovnq6xkWa9ycqdNNws+gbYt79EwFdKSIfH1iTuFrv9DIwTU2N72quFCC/xQ23+a1/ZqSg==
  dependencies:
    "@babel/runtime" "^7.6.2"
    "@react-stately/toggle" "^3.2.7"
    "@react-stately/utils" "^3.4.1"
    "@react-types/checkbox" "^3.2.7"

"@react-stately/collections@^3.3.7", "@react-stately/collections@^3.3.8":
  version "3.3.8"
  resolved "https://registry.yarnpkg.com/@react-stately/collections/-/collections-3.3.8.tgz#f0f9def181fab8b2551dfe0c0fc59760fa6eaf05"
  integrity sha512-R4RXLc0aaCZaCTh3NT/lmpMtVqP3HIdi2d1kyq4/uIC8APUFzEoUMEV+P0k3nQ5v6mO/UCkP3ePdOywnJBm/Gg==
  dependencies:
    "@babel/runtime" "^7.6.2"
    "@react-types/shared" "^3.12.0"

"@react-stately/data@3.4.7":
  version "3.4.7"
  resolved "https://registry.yarnpkg.com/@react-stately/data/-/data-3.4.7.tgz#81319f7dcccd33a4a7f66a726d8ac92c919b451d"
  integrity sha512-ShxXFEjrtktH9e8u/7Z/lifPjE5T11Tgx5+DBKjZ/kpH3xbHZIpd1riaowpLxeCWt2bYwgoQYxmrL6PA5NclIg==
  dependencies:
    "@babel/runtime" "^7.6.2"
    "@react-types/shared" "^3.12.0"

"@react-stately/grid@^3.1.3", "@react-stately/grid@^3.1.4":
  version "3.1.4"
  resolved "https://registry.yarnpkg.com/@react-stately/grid/-/grid-3.1.4.tgz#9ef4e6f8ea2dd9446fe6d9212704b0af2addc113"
  integrity sha512-f0BjDSGcPFHI7x6PmLwfMMhFj1ttKD3QKZgTrSIhmPnZqY/LEk1XFq8RFdnk5bNmt4JwiEDbytS7W4HbSTIe3g==
  dependencies:
    "@babel/runtime" "^7.6.2"
    "@react-stately/selection" "^3.9.4"
    "@react-types/grid" "^3.0.4"
    "@react-types/shared" "^3.12.0"

"@react-stately/overlays@3.2.0", "@react-stately/overlays@^3.2.0":
  version "3.2.0"
  resolved "https://registry.yarnpkg.com/@react-stately/overlays/-/overlays-3.2.0.tgz#4bd2b42e28caa527b7400a7c7d135a44f286ac57"
  integrity sha512-Ys+dfhFVyRGFRvvE35+Ychvgk868BDry9Td5rfvjVEwx6x8jaNShbonoo8CYYUkkJhaEnRaiJNG+0OGRCpvjTA==
  dependencies:
    "@babel/runtime" "^7.6.2"
    "@react-stately/utils" "^3.4.1"
    "@react-types/overlays" "^3.5.5"

"@react-stately/selection@^3.9.3", "@react-stately/selection@^3.9.4":
  version "3.9.4"
  resolved "https://registry.yarnpkg.com/@react-stately/selection/-/selection-3.9.4.tgz#5903a6bb59ef1ae51c014c63c33617c93f6530a2"
  integrity sha512-hgJ4raHFQMfQ1aQYgL+nRpQgA7GdPDh9esIeB8Ih+yS783cV4vyyqKxuLd2u9W4cilnEkgXjrI5Z21RU86jzEg==
  dependencies:
    "@babel/runtime" "^7.6.2"
    "@react-stately/collections" "^3.3.8"
    "@react-stately/utils" "^3.4.1"
    "@react-types/shared" "^3.12.0"

"@react-stately/table@3.1.3", "@react-stately/table@^3.1.3":
  version "3.1.3"
  resolved "https://registry.yarnpkg.com/@react-stately/table/-/table-3.1.3.tgz#23583a2bff89f74b84ced3398edeaba1efd70c04"
  integrity sha512-HSsamFabtCSHib4A5rxXBtfKPd0InXjXSoaxUNi6RLOyptULMA06q1ShbWDEijTYGQI5Pfevs/5bgLonj0enbg==
  dependencies:
    "@babel/runtime" "^7.6.2"
    "@react-stately/collections" "^3.3.7"
    "@react-stately/grid" "^3.1.3"
    "@react-stately/selection" "^3.9.3"
    "@react-types/grid" "^3.0.3"
    "@react-types/shared" "^3.11.2"
    "@react-types/table" "^3.1.3"

"@react-stately/toggle@3.2.7", "@react-stately/toggle@^3.2.7":
  version "3.2.7"
  resolved "https://registry.yarnpkg.com/@react-stately/toggle/-/toggle-3.2.7.tgz#4d15261b438f89ea78bf3c08c812e0f854e0373f"
  integrity sha512-McKc2wIp1z7Dw6EqQgOgjr2QnKR+LWXppZjdx30K4hnCiP6cXZp66DmR2ngekPrtOYDN6Xdqbty/Ez7kiJxmnQ==
  dependencies:
    "@babel/runtime" "^7.6.2"
    "@react-stately/utils" "^3.4.1"
    "@react-types/checkbox" "^3.2.7"
    "@react-types/shared" "^3.12.0"

"@react-stately/utils@^3.4.1":
  version "3.4.1"
  resolved "https://registry.yarnpkg.com/@react-stately/utils/-/utils-3.4.1.tgz#56f049aa1704d338968b5973c796ee606e9c0c62"
  integrity sha512-mjFbKklj/W8KRw1CQSpUJxHd7lhUge4i00NwJTwGxbzmiJgsTWlKKS/1rBf48ey9hUBopXT5x5vG/AxQfWTQug==
  dependencies:
    "@babel/runtime" "^7.6.2"

"@react-stately/virtualizer@^3.1.8", "@react-stately/virtualizer@^3.1.9":
  version "3.1.9"
  resolved "https://registry.yarnpkg.com/@react-stately/virtualizer/-/virtualizer-3.1.9.tgz#8f885c966747b36c5ed9df76020aeccebd35034a"
  integrity sha512-to0CQU4l08ZI/Ar3h/BeDqFTjK0nJUfhdk8mTpP+bV0RGBQnDwqCnrLFdQCc3Xl8fbYWa+Y6pvSUqJ0rq6Bp7Q==
  dependencies:
    "@babel/runtime" "^7.6.2"
    "@react-aria/utils" "^3.12.0"
    "@react-types/shared" "^3.12.0"

"@react-types/button@^3.4.5":
  version "3.4.5"
  resolved "https://registry.yarnpkg.com/@react-types/button/-/button-3.4.5.tgz#ba258ad274d9e1ad775662edcde0839c1c24ecdb"
  integrity sha512-wqOw3LvqFRJl6lDhije7koTINWBv+LRBKAlGOri2ddw3VDqvm0/zu2ENDIP/XX0FtUzuffoc1U5YgxmBlXd7gQ==
  dependencies:
    "@react-types/shared" "^3.12.0"

"@react-types/checkbox@3.2.7", "@react-types/checkbox@^3.2.6", "@react-types/checkbox@^3.2.7":
  version "3.2.7"
  resolved "https://registry.yarnpkg.com/@react-types/checkbox/-/checkbox-3.2.7.tgz#fa65452931942bfccf804114b6ef4cd086b67226"
  integrity sha512-c/hJwVRr7JoakyU39hUQstCc/0uPPvE+Eie8SspV2u9umSs7dYiUBc7F2wpboWIdNkQUEHG/Uq/Vs6/hk+yrkg==
  dependencies:
    "@react-types/shared" "^3.12.0"

"@react-types/dialog@^3.3.5":
  version "3.3.5"
  resolved "https://registry.yarnpkg.com/@react-types/dialog/-/dialog-3.3.5.tgz#8b2fe99d7c535d8b09ef439f936462e0cd1231cf"
  integrity sha512-K77big4JVDy6nhIv5V8PbnfHOeTK8JeGBLAEhl1DGCgCnPhq2eJ/R342rSjQobSyyaVUAYu1Z4AW4jjBSM17ug==
  dependencies:
    "@react-types/overlays" "^3.5.5"
    "@react-types/shared" "^3.12.0"

"@react-types/grid@3.0.4", "@react-types/grid@^3.0.3", "@react-types/grid@^3.0.4":
  version "3.0.4"
  resolved "https://registry.yarnpkg.com/@react-types/grid/-/grid-3.0.4.tgz#c372456b49281577aec24a6480442f8c448a1f68"
  integrity sha512-Ot6V/2PajcqBq2GH/YrsuiA8EqEmTcuvICfPd5RpjbLDFhhHbxOFsgOrXX2Qr33huu96dAhhEEEvOuVKbLcBdQ==
  dependencies:
    "@react-types/shared" "^3.12.0"

"@react-types/label@^3.5.4":
  version "3.5.4"
  resolved "https://registry.yarnpkg.com/@react-types/label/-/label-3.5.4.tgz#56bf50332845a161761902876cc5e6034521b48b"
  integrity sha512-LuShOdEYokzn58SKUIo7kQdN3CV5Rs+HCxmvix4+Uw6BAYG9/aqqoKKolTA9klbM8rvvEzDqFzNZZHeMTBoN6w==
  dependencies:
    "@react-types/shared" "^3.12.0"

"@react-types/overlays@3.5.5", "@react-types/overlays@^3.5.5":
  version "3.5.5"
  resolved "https://registry.yarnpkg.com/@react-types/overlays/-/overlays-3.5.5.tgz#64c20eae8bce39618431205a2a695a8cd7b57473"
  integrity sha512-TEfn+hv3E6iX1gEjJ6+Gl3r0+WCIPPMhPjTidU6AKqhS0phtcITQ8gPovr0PYEP4Ub8QuT0ttZWu0nWZP3IxIg==
  dependencies:
    "@react-types/shared" "^3.12.0"

"@react-types/shared@3.12.0", "@react-types/shared@^3.11.2", "@react-types/shared@^3.12.0":
  version "3.12.0"
  resolved "https://registry.yarnpkg.com/@react-types/shared/-/shared-3.12.0.tgz#31a53fcec5c3159fd0d5c67f7e3f3876c7d19908"
  integrity sha512-faGr9xOjtMlkQPfA1i36iUmWS/hpPPtxIwdAtBi6p7rCejmShMLFZ2YN4DxzbJUCVubF2S1+rMMIKuXG17DkEw==

"@react-types/switch@^3.1.6":
  version "3.1.6"
  resolved "https://registry.yarnpkg.com/@react-types/switch/-/switch-3.1.6.tgz#75c59ae46f7289bc3b1a6a97e111f346d6ac3f4c"
  integrity sha512-H9ECjBeEK82tGGiCNx2gQfrx5nJEviICAvUCfemLCS4zdUxs9NUYxIfI12v1Bl5NJ1dD0Cyc0hb4haiB+mX1ig==
  dependencies:
    "@react-types/checkbox" "^3.2.7"
    "@react-types/shared" "^3.12.0"

"@react-types/table@^3.1.3":
  version "3.1.3"
  resolved "https://registry.yarnpkg.com/@react-types/table/-/table-3.1.3.tgz#45e3b0c0a1d6a14db32c2dbeb9e5d15e5f01940a"
  integrity sha512-l5ZmoPEnnMNUOW/mC7x/HDXC0CmHGz5IpWBPbV1aJtQCxRD42yosMaP8pT48EPZjupSeEuUGVFW2sZQlEjHbwg==
  dependencies:
    "@react-types/grid" "^3.0.3"
    "@react-types/shared" "^3.11.2"

"@stitches/react@1.2.8":
  version "1.2.8"
  resolved "https://registry.yarnpkg.com/@stitches/react/-/react-1.2.8.tgz#954f8008be8d9c65c4e58efa0937f32388ce3a38"
  integrity sha512-9g9dWI4gsSVe8bNLlb+lMkBYsnIKCZTmvqvDG+Avnn69XfmHZKiaMrx7cgTaddq7aTPPmXiTsbFcUy0xgI4+wA==

"@types/d3-color@^2":
  version "2.0.3"
  resolved "https://registry.yarnpkg.com/@types/d3-color/-/d3-color-2.0.3.tgz#8bc4589073c80e33d126345542f588056511fe82"
  integrity sha512-+0EtEjBfKEDtH9Rk3u3kLOUXM5F+iZK+WvASPb0MhIZl8J8NUvGeZRwKCXl+P3HkYx5TdU4YtcibpqHkSR9n7w==

"@types/d3-interpolate@^2.0.0":
  version "2.0.2"
  resolved "https://registry.yarnpkg.com/@types/d3-interpolate/-/d3-interpolate-2.0.2.tgz#78eddf7278b19e48e8652603045528d46897aba0"
  integrity sha512-lElyqlUfIPyWG/cD475vl6msPL4aMU7eJvx1//Q177L8mdXoVPFl1djIESF2FKnc0NyaHvQlJpWwKJYwAhUoCw==
  dependencies:
    "@types/d3-color" "^2"

"@types/d3-path@^2":
  version "2.0.2"
  resolved "https://registry.yarnpkg.com/@types/d3-path/-/d3-path-2.0.2.tgz#6052f38f6186319769dfabab61b5514b0e02c75c"
  integrity sha512-3YHpvDw9LzONaJzejXLOwZ3LqwwkoXb9LI2YN7Hbd6pkGo5nIlJ09ul4bQhBN4hQZJKmUpX8HkVqbzgUKY48cg==

"@types/d3-scale@^3.0.0":
  version "3.3.2"
  resolved "https://registry.yarnpkg.com/@types/d3-scale/-/d3-scale-3.3.2.tgz#18c94e90f4f1c6b1ee14a70f14bfca2bd1c61d06"
  integrity sha512-gGqr7x1ost9px3FvIfUMi5XA/F/yAf4UkUDtdQhpH92XCT0Oa7zkkRzY61gPVJq+DxpHn/btouw5ohWkbBsCzQ==
  dependencies:
    "@types/d3-time" "^2"

"@types/d3-shape@^2.0.0":
  version "2.1.3"
  resolved "https://registry.yarnpkg.com/@types/d3-shape/-/d3-shape-2.1.3.tgz#35d397b9e687abaa0de82343b250b9897b8cacf3"
  integrity sha512-HAhCel3wP93kh4/rq+7atLdybcESZ5bRHDEZUojClyZWsRuEMo3A52NGYJSh48SxfxEU6RZIVbZL2YFZ2OAlzQ==
  dependencies:
    "@types/d3-path" "^2"

"@types/d3-time@^2":
  version "2.1.1"
  resolved "https://registry.yarnpkg.com/@types/d3-time/-/d3-time-2.1.1.tgz#743fdc821c81f86537cbfece07093ac39b4bc342"
  integrity sha512-9MVYlmIgmRR31C5b4FVSWtuMmBHh2mOWQYfl7XAYOa8dsnb7iEmUmRSWSFgXFtkjxO65d7hTUHQC+RhR/9IWFg==

"@types/node@^12.12.21":
  version "12.20.52"
  resolved "https://registry.npmjs.org/@types/node/-/node-12.20.52.tgz"
  integrity sha512-cfkwWw72849SNYp3Zx0IcIs25vABmFh73xicxhCkTcvtZQeIez15PpwQN8fY3RD7gv1Wrxlc9MEtfMORZDEsGw==

"@types/prop-types@*":
  version "15.7.5"
  resolved "https://registry.npmjs.org/@types/prop-types/-/prop-types-15.7.5.tgz"
  integrity sha512-JCB8C6SnDoQf0cNycqd/35A7MjcnK+ZTqE7judS6o7utxUCg6imJg3QK2qzHKszlTjcj2cn+NwMB2i96ubpj7w==

"@types/react-dom@^17.0.1":
  version "17.0.17"
  resolved "https://registry.npmjs.org/@types/react-dom/-/react-dom-17.0.17.tgz"
  integrity sha512-VjnqEmqGnasQKV0CWLevqMTXBYG9GbwuE6x3VetERLh0cq2LTptFE73MrQi2S7GkKXCf2GgwItB/melLnxfnsg==
  dependencies:
    "@types/react" "^17"

"@types/react@^17", "@types/react@^17.0.2":
  version "17.0.45"
  resolved "https://registry.npmjs.org/@types/react/-/react-17.0.45.tgz"
  integrity sha512-YfhQ22Lah2e3CHPsb93tRwIGNiSwkuz1/blk4e6QrWS0jQzCSNbGLtOEYhPg02W0yGTTmpajp7dCTbBAMN3qsg==
  dependencies:
    "@types/prop-types" "*"
    "@types/scheduler" "*"
    csstype "^3.0.2"

"@types/resize-observer-browser@^0.1.6":
  version "0.1.7"
  resolved "https://registry.yarnpkg.com/@types/resize-observer-browser/-/resize-observer-browser-0.1.7.tgz#294aaadf24ac6580b8fbd1fe3ab7b59fe85f9ef3"
  integrity sha512-G9eN0Sn0ii9PWQ3Vl72jDPgeJwRWhv2Qk/nQkJuWmRmOB4HX3/BhD5SE1dZs/hzPZL/WKnvF0RHdTSG54QJFyg==

"@types/scheduler@*":
  version "0.16.2"
  resolved "https://registry.npmjs.org/@types/scheduler/-/scheduler-0.16.2.tgz"
  integrity sha512-hppQEBDmlwhFAXKJX2KnWLYu5yMfi91yazPb2l+lbJiwW+wdo1gNeRA+3RgNSO39WYX2euey41KEwnqesU2Jew==

caniuse-lite@^1.0.30001332:
  version "1.0.30001341"
  resolved "https://registry.npmjs.org/caniuse-lite/-/caniuse-lite-1.0.30001341.tgz"
  integrity sha512-2SodVrFFtvGENGCv0ChVJIDQ0KPaS1cg7/qtfMaICgeMolDdo/Z2OD32F0Aq9yl6F4YFwGPBS5AaPqNYiW4PoA==

classnames@^2.2.5:
  version "2.3.1"
  resolved "https://registry.yarnpkg.com/classnames/-/classnames-2.3.1.tgz#dfcfa3891e306ec1dad105d0e88f4417b8535e8e"
  integrity sha512-OlQdbZ7gLfGarSqxesMesDa5uz7KFbID8Kpq/SxIoNGDqY8lSYs0D+hhtBXhcdB3rcbXArFr7vlHheLk1voeNA==

clsx@^1.1.1:
  version "1.1.1"
  resolved "https://registry.yarnpkg.com/clsx/-/clsx-1.1.1.tgz#98b3134f9abbdf23b2663491ace13c5c03a73188"
  integrity sha512-6/bPho624p3S2pMyvP5kKBPXnI3ufHLObBFCfgx+LkeR5lg2XYy2hqZqUf45ypD8COn2bhgGJSUE+l5dhNBieA==

cluster-key-slot@^1.1.0:
  version "1.1.0"
  resolved "https://registry.npmjs.org/cluster-key-slot/-/cluster-key-slot-1.1.0.tgz"
  integrity sha512-2Nii8p3RwAPiFwsnZvukotvow2rIHM+yQ6ZcBXGHdniadkYGZYiGmkHJIbZPIV9nfv7m/U1IPMVVcAhoWFeklw==

colornames@^1.1.1:
  version "1.1.1"
  resolved "https://registry.yarnpkg.com/colornames/-/colornames-1.1.1.tgz#f8889030685c7c4ff9e2a559f5077eb76a816f96"
  integrity sha1-+IiQMGhcfE/54qVZ9Qd+t2qBb5Y=

css-unit-converter@^1.1.1:
  version "1.1.2"
  resolved "https://registry.yarnpkg.com/css-unit-converter/-/css-unit-converter-1.1.2.tgz#4c77f5a1954e6dbff60695ecb214e3270436ab21"
  integrity sha512-IiJwMC8rdZE0+xiEZHeru6YoONC4rfPMqGm2W85jMIbkFvv5nFTwJVFHam2eFrN6txmoUYFAFXiv8ICVeTO0MA==

csstype@^3.0.2:
  version "3.0.11"
  resolved "https://registry.npmjs.org/csstype/-/csstype-3.0.11.tgz"
  integrity sha512-sa6P2wJ+CAbgyy4KFssIb/JNMLxFvKF1pCYCSXS8ZMuqZnMsrxqI2E5sPyoTpxoPU/gVZMzr2zjOfg8GIZOMsw==

d3-array@2, d3-array@^2.3.0:
  version "2.12.1"
  resolved "https://registry.yarnpkg.com/d3-array/-/d3-array-2.12.1.tgz#e20b41aafcdffdf5d50928004ececf815a465e81"
  integrity sha512-B0ErZK/66mHtEsR1TkPEEkwdy+WDesimkM5gpZr5Dsg54BiTA5RXtYW5qTLIAcekaS9xfZrzBLF/OAkB3Qn1YQ==
  dependencies:
    internmap "^1.0.0"

"d3-color@1 - 2":
  version "2.0.0"
  resolved "https://registry.yarnpkg.com/d3-color/-/d3-color-2.0.0.tgz#8d625cab42ed9b8f601a1760a389f7ea9189d62e"
  integrity sha512-SPXi0TSKPD4g9tw0NMZFnR95XVgUZiBH+uUTqQuDu1OsE2zomHU7ho0FISciaPvosimixwHFl3WHLGabv6dDgQ==

"d3-format@1 - 2":
  version "2.0.0"
  resolved "https://registry.yarnpkg.com/d3-format/-/d3-format-2.0.0.tgz#a10bcc0f986c372b729ba447382413aabf5b0767"
  integrity sha512-Ab3S6XuE/Q+flY96HXT0jOXcM4EAClYFnRGY5zsjRGNy6qCYrQsMffs7cV5Q9xejb35zxW5hf/guKw34kvIKsA==

"d3-interpolate@1.2.0 - 2", d3-interpolate@^2.0.0:
  version "2.0.1"
  resolved "https://registry.yarnpkg.com/d3-interpolate/-/d3-interpolate-2.0.1.tgz#98be499cfb8a3b94d4ff616900501a64abc91163"
  integrity sha512-c5UhwwTs/yybcmTpAVqwSFl6vrQ8JZJoT5F7xNFK9pymv5C0Ymcc9/LIJHtYIggg/yS9YHw8i8O8tgb9pupjeQ==
  dependencies:
    d3-color "1 - 2"

"d3-path@1 - 2":
  version "2.0.0"
  resolved "https://registry.yarnpkg.com/d3-path/-/d3-path-2.0.0.tgz#55d86ac131a0548adae241eebfb56b4582dd09d8"
  integrity sha512-ZwZQxKhBnv9yHaiWd6ZU4x5BtCQ7pXszEV9CU6kRgwIQVQGLMv1oiL4M+MK/n79sYzsj+gcgpPQSctJUsLN7fA==

d3-scale@^3.0.0:
  version "3.3.0"
  resolved "https://registry.yarnpkg.com/d3-scale/-/d3-scale-3.3.0.tgz#28c600b29f47e5b9cd2df9749c206727966203f3"
  integrity sha512-1JGp44NQCt5d1g+Yy+GeOnZP7xHo0ii8zsQp6PGzd+C1/dl0KGsp9A7Mxwp+1D1o4unbTTxVdU/ZOIEBoeZPbQ==
  dependencies:
    d3-array "^2.3.0"
    d3-format "1 - 2"
    d3-interpolate "1.2.0 - 2"
    d3-time "^2.1.1"
    d3-time-format "2 - 3"

d3-shape@^2.0.0:
  version "2.1.0"
  resolved "https://registry.yarnpkg.com/d3-shape/-/d3-shape-2.1.0.tgz#3b6a82ccafbc45de55b57fcf956c584ded3b666f"
  integrity sha512-PnjUqfM2PpskbSLTJvAzp2Wv4CZsnAgTfcVRTwW03QR3MkXF8Uo7B1y/lWkAsmbKwuecto++4NlsYcvYpXpTHA==
  dependencies:
    d3-path "1 - 2"

"d3-time-format@2 - 3":
  version "3.0.0"
  resolved "https://registry.yarnpkg.com/d3-time-format/-/d3-time-format-3.0.0.tgz#df8056c83659e01f20ac5da5fdeae7c08d5f1bb6"
  integrity sha512-UXJh6EKsHBTjopVqZBhFysQcoXSv/5yLONZvkQ5Kk3qbwiUYkdX17Xa1PT6U1ZWXGGfB1ey5L8dKMlFq2DO0Ag==
  dependencies:
    d3-time "1 - 2"

"d3-time@1 - 2", d3-time@^2.1.1:
  version "2.1.1"
  resolved "https://registry.yarnpkg.com/d3-time/-/d3-time-2.1.1.tgz#e9d8a8a88691f4548e68ca085e5ff956724a6682"
  integrity sha512-/eIQe/eR4kCQwq7yxi7z4c6qEXf2IYGcjoWB5OOQy4Tq9Uv39/947qlDcN2TLkiTzQWzvnsuYPB9TrWaNfipKQ==
  dependencies:
    d3-array "2"

debug@^4.3.4:
  version "4.3.4"
  resolved "https://registry.npmjs.org/debug/-/debug-4.3.4.tgz"
  integrity sha512-PRWFHuSU3eDtQJPvnNY7Jcket1j0t5OuOsFzPPzsekD52Zl8qUfFIPEiswXqIvHWGVHOgX+7G/vCNNhehwxfkQ==
  dependencies:
    ms "2.1.2"

decimal.js-light@^2.4.1:
  version "2.5.1"
  resolved "https://registry.yarnpkg.com/decimal.js-light/-/decimal.js-light-2.5.1.tgz#134fd32508f19e208f4fb2f8dac0d2626a867934"
  integrity sha512-qIMFpTMZmny+MMIitAB6D7iVPEorVw6YQRWkvarTkT4tBeSLLiHzcwj6q0MmYSFCiVpiqPJTJEYIrpcPzVEIvg==

denque@^2.0.1:
  version "2.0.1"
  resolved "https://registry.npmjs.org/denque/-/denque-2.0.1.tgz"
  integrity sha512-tfiWc6BQLXNLpNiR5iGd0Ocu3P3VpxfzFiqubLgMfhfOw9WyvgJBd46CClNn9k3qfbjvT//0cf7AlYRX/OslMQ==

dom-helpers@^3.3.1, dom-helpers@^3.4.0:
  version "3.4.0"
  resolved "https://registry.yarnpkg.com/dom-helpers/-/dom-helpers-3.4.0.tgz#e9b369700f959f62ecde5a6babde4bccd9169af8"
  integrity sha512-LnuPJ+dwqKDIyotW1VzmOZ5TONUN7CwkCR5hrgawTUbkBGYdeoNLZo6nNfGkCrjtE1nXXaj7iMMpDa8/d9WoIA==
  dependencies:
    "@babel/runtime" "^7.1.2"

eventemitter3@^4.0.1:
  version "4.0.7"
  resolved "https://registry.yarnpkg.com/eventemitter3/-/eventemitter3-4.0.7.tgz#2de9b68f6528d5644ef5c59526a1b4a07306169f"
  integrity sha512-8guHBZCwKnFhYdHr2ysuRWErTwhoN2X8XELRlrRwpmfeY2jjuUN4taQMsULKUVo1K4DvZl+0pgfyoysHxvmvEw==

fast-equals@^2.0.0:
  version "2.0.4"
  resolved "https://registry.yarnpkg.com/fast-equals/-/fast-equals-2.0.4.tgz#3add9410585e2d7364c2deeb6a707beadb24b927"
  integrity sha512-caj/ZmjHljPrZtbzJ3kfH5ia/k4mTJe/qSiXAGzxZWRZgsgDV0cvNaQULqUX8t0/JVlzzEdYOwCN5DmzTxoD4w==

gridjs-react@^5.0.2:
  version "5.0.2"
  resolved "https://registry.npmjs.org/gridjs-react/-/gridjs-react-5.0.2.tgz"
  integrity sha512-K8bEUL8MuRRbu6o9hCc/bn+H7UfstN0yRIb/UMzVIbJ7ROR0ns9UA63mr4xcMP5keqolCPuLuM1manlH17BZCA==

gridjs@^5.0.2:
  version "5.0.2"
  resolved "https://registry.npmjs.org/gridjs/-/gridjs-5.0.2.tgz"
  integrity sha512-7EaMc4/IhqRcSbdOYvHOlHETciWmbbhMU6rDr2e0UfzIXSkb7X3Lhf9+bGv+v4JaWnJW5GBillgIIHrAvIIoFg==
  dependencies:
    preact "^10.5.12"
    tslib "^2.0.1"

hex-rgb@^4.1.0:
  version "4.3.0"
  resolved "https://registry.yarnpkg.com/hex-rgb/-/hex-rgb-4.3.0.tgz#af5e974e83bb2fefe44d55182b004ec818c07776"
  integrity sha512-Ox1pJVrDCyGHMG9CFg1tmrRUMRPRsAWYc/PinY0XzJU4K7y7vjNoLKIQ7BR5UJMCxNN8EM1MNDmHWA/B3aZUuw==

internmap@^1.0.0:
  version "1.0.1"
  resolved "https://registry.yarnpkg.com/internmap/-/internmap-1.0.1.tgz#0017cc8a3b99605f0302f2b198d272e015e5df95"
  integrity sha512-lDB5YccMydFBtasVtxnZ3MRBHuaoE8GKsppq+EchKL2U4nK/DmEpPHNH8MZe5HkMtpSiTSOZwfN0tzYjO/lJEw==

intl-messageformat@^9.12.0:
  version "9.13.0"
  resolved "https://registry.yarnpkg.com/intl-messageformat/-/intl-messageformat-9.13.0.tgz#97360b73bd82212e4f6005c712a4a16053165468"
  integrity sha512-7sGC7QnSQGa5LZP7bXLDhVDtQOeKGeBFGHF2Y8LVBwYZoQZCgWeKoPGTa5GMG8g/TzDgeXuYJQis7Ggiw2xTOw==
  dependencies:
    "@formatjs/ecma402-abstract" "1.11.4"
    "@formatjs/fast-memoize" "1.2.1"
    "@formatjs/icu-messageformat-parser" "2.1.0"
    tslib "^2.1.0"

ioredis@^5.0.4:
  version "5.0.4"
  resolved "https://registry.npmjs.org/ioredis/-/ioredis-5.0.4.tgz"
  integrity sha512-qFJw3MnPNsJF1lcIOP3vztbsasOXK3nDdNAgjQj7t7/Bn/w10PGchTOpqylQNxjzPbLoYDu34LjeJtSWiKBntQ==
  dependencies:
    "@ioredis/commands" "^1.1.1"
    cluster-key-slot "^1.1.0"
    debug "^4.3.4"
    denque "^2.0.1"
    lodash.defaults "^4.2.0"
    lodash.isarguments "^3.1.0"
    redis-errors "^1.2.0"
    redis-parser "^3.0.0"
    standard-as-callback "^2.1.0"

"js-tokens@^3.0.0 || ^4.0.0":
  version "4.0.0"
  resolved "https://registry.npmjs.org/js-tokens/-/js-tokens-4.0.0.tgz"
  integrity sha512-RdJUflcE3cUzKiMqQgsCu06FPu9UdIJO0beYbPhHN4k6apgJtifcoCtT9bcxOpYBtpD2kCM6Sbzg4CausW/PKQ==

lodash.defaults@^4.2.0:
  version "4.2.0"
  resolved "https://registry.npmjs.org/lodash.defaults/-/lodash.defaults-4.2.0.tgz"
  integrity sha1-0JF4cW/+pN3p5ft7N/bwgCJ0WAw=

lodash.isarguments@^3.1.0:
  version "3.1.0"
  resolved "https://registry.npmjs.org/lodash.isarguments/-/lodash.isarguments-3.1.0.tgz"
  integrity sha1-L1c9hcaiQon/AGY7SRwdM4/zRYo=

lodash.padend@^4.6.1:
  version "4.6.1"
  resolved "https://registry.yarnpkg.com/lodash.padend/-/lodash.padend-4.6.1.tgz#53ccba047d06e158d311f45da625f4e49e6f166e"
  integrity sha1-U8y6BH0G4VjTEfRdpiX05J5vFm4=

lodash.trimstart@^4.5.1:
  version "4.5.1"
  resolved "https://registry.yarnpkg.com/lodash.trimstart/-/lodash.trimstart-4.5.1.tgz#8ff4dec532d82486af59573c39445914e944a7f1"
  integrity sha1-j/TexTLYJIavWVc8OURZFOlEp/E=

lodash.words@^4.2.0:
  version "4.2.0"
  resolved "https://registry.yarnpkg.com/lodash.words/-/lodash.words-4.2.0.tgz#5ecfeaf8ecf8acaa8e0c8386295f1993c9cf4036"
  integrity sha1-Xs/q+Oz4rKqODIOGKV8Zk8nPQDY=

lodash@^4.17.19, lodash@^4.17.21:
  version "4.17.21"
  resolved "https://registry.yarnpkg.com/lodash/-/lodash-4.17.21.tgz#679591c564c3bffaae8454cf0b3df370c3d6911c"
  integrity sha512-v2kDEe57lecTulaDIuNTPy3Ry4gLGJ6Z1O3vE1krgXZNrsQ+LFTGHVxVjcXPs17LhbZVGedAJv8XZ1tvj5FvSg==

loose-envify@^1.1.0, loose-envify@^1.4.0:
  version "1.4.0"
  resolved "https://registry.npmjs.org/loose-envify/-/loose-envify-1.4.0.tgz"
  integrity sha512-lyuxPGr/Wfhrlem2CL/UcnUc1zcqKAImBDzukY7Y5F/yQiNdko6+fRLevlw1HgMySw7f611UIY408EtxRSoK3Q==
  dependencies:
    js-tokens "^3.0.0 || ^4.0.0"

ms@2.1.2:
  version "2.1.2"
  resolved "https://registry.npmjs.org/ms/-/ms-2.1.2.tgz"
  integrity sha512-sGkPx+VjMtmA6MX27oA4FBFELFCZZ4S4XqeGOXCv68tT+jb3vk/RyaKWP0PTKyWtmLSM0b+adUTEvbs1PEaH2w==

nanoid@^3.1.30:
  version "3.3.4"
  resolved "https://registry.npmjs.org/nanoid/-/nanoid-3.3.4.tgz"
  integrity sha512-MqBkQh/OHTS2egovRtLk45wEyNXwF+cokD+1YPf9u5VfJiRdAiRwB2froX5Co9Rh20xs4siNPm8naNotSD6RBw==

next@latest:
  version "12.1.6"
  resolved "https://registry.npmjs.org/next/-/next-12.1.6.tgz"
  integrity sha512-cebwKxL3/DhNKfg9tPZDQmbRKjueqykHHbgaoG4VBRH3AHQJ2HO0dbKFiS1hPhe1/qgc2d/hFeadsbPicmLD+A==
  dependencies:
    "@next/env" "12.1.6"
    caniuse-lite "^1.0.30001332"
    postcss "8.4.5"
    styled-jsx "5.0.2"
  optionalDependencies:
    "@next/swc-android-arm-eabi" "12.1.6"
    "@next/swc-android-arm64" "12.1.6"
    "@next/swc-darwin-arm64" "12.1.6"
    "@next/swc-darwin-x64" "12.1.6"
    "@next/swc-linux-arm-gnueabihf" "12.1.6"
    "@next/swc-linux-arm64-gnu" "12.1.6"
    "@next/swc-linux-arm64-musl" "12.1.6"
    "@next/swc-linux-x64-gnu" "12.1.6"
    "@next/swc-linux-x64-musl" "12.1.6"
    "@next/swc-win32-arm64-msvc" "12.1.6"
    "@next/swc-win32-ia32-msvc" "12.1.6"
    "@next/swc-win32-x64-msvc" "12.1.6"

object-assign@^4.1.1:
  version "4.1.1"
  resolved "https://registry.npmjs.org/object-assign/-/object-assign-4.1.1.tgz"
  integrity sha1-IQmtx5ZYh8/AXLvUQsrIv7s2CGM=

performance-now@^2.1.0:
  version "2.1.0"
  resolved "https://registry.yarnpkg.com/performance-now/-/performance-now-2.1.0.tgz#6309f4e0e5fa913ec1c69307ae364b4b377c9e7b"
  integrity sha1-Ywn04OX6kT7BxpMHrjZLSzd8nns=

picocolors@^1.0.0:
  version "1.0.0"
  resolved "https://registry.npmjs.org/picocolors/-/picocolors-1.0.0.tgz"
  integrity sha512-1fygroTLlHu66zi26VoTDv8yRgm0Fccecssto+MhsZ0D/DGW2sm8E8AjW7NU5VVTRt5GxbeZ5qBuJr+HyLYkjQ==

postcss-value-parser@^3.3.0:
  version "3.3.1"
  resolved "https://registry.yarnpkg.com/postcss-value-parser/-/postcss-value-parser-3.3.1.tgz#9ff822547e2893213cf1c30efa51ac5fd1ba8281"
  integrity sha512-pISE66AbVkp4fDQ7VHBwRNXzAAKJjw4Vw7nWI/+Q3vuly7SNfgYXvm6i5IgFylHGK5sP/xHAbB7N49OS4gWNyQ==

postcss@8.4.5:
  version "8.4.5"
  resolved "https://registry.npmjs.org/postcss/-/postcss-8.4.5.tgz"
  integrity sha512-jBDboWM8qpaqwkMwItqTQTiFikhs/67OYVvblFFTM7MrZjt6yMKd6r2kgXizEbTTljacm4NldIlZnhbjr84QYg==
  dependencies:
    nanoid "^3.1.30"
    picocolors "^1.0.0"
    source-map-js "^1.0.1"

preact@^10.5.12:
  version "10.7.2"
  resolved "https://registry.npmjs.org/preact/-/preact-10.7.2.tgz"
  integrity sha512-GLjn0I3r6ka+NvxJUppsVFqb4V0qDTEHT/QxHlidPuClGaxF/4AI2Qti4a0cv3XMh5n1+D3hLScW10LRIm5msQ==

prop-types@^15.6.2:
  version "15.8.1"
  resolved "https://registry.yarnpkg.com/prop-types/-/prop-types-15.8.1.tgz#67d87bf1a694f48435cf332c24af10214a3140b5"
  integrity sha512-oj87CgZICdulUohogVAR7AjlC0327U4el4L6eAvOqCeudMDVU0NThNaV+b9Df4dXgSP1gXMTnPdhfe/2qDH5cg==
  dependencies:
    loose-envify "^1.4.0"
    object-assign "^4.1.1"
    react-is "^16.13.1"

raf@^3.4.0:
  version "3.4.1"
  resolved "https://registry.yarnpkg.com/raf/-/raf-3.4.1.tgz#0742e99a4a6552f445d73e3ee0328af0ff1ede39"
  integrity sha512-Sq4CW4QhwOHE8ucn6J34MqtZCeWFP2aQSmrlroYgqAV1PjStIhJXxYuTgUIfkEk7zTLjmIjLmU5q+fbD1NnOJA==
  dependencies:
    performance-now "^2.1.0"

react-dom@^17.0.2:
  version "17.0.2"
  resolved "https://registry.npmjs.org/react-dom/-/react-dom-17.0.2.tgz"
  integrity sha512-s4h96KtLDUQlsENhMn1ar8t2bEa+q/YAtj8pPPdIjPDGBDIVNsrD9aXNWqspUe6AzKCIG0C1HZZLqLV7qpOBGA==
  dependencies:
    loose-envify "^1.1.0"
    object-assign "^4.1.1"
    scheduler "^0.20.2"

react-is@^16.10.2, react-is@^16.13.1:
  version "16.13.1"
  resolved "https://registry.yarnpkg.com/react-is/-/react-is-16.13.1.tgz#789729a4dc36de2999dc156dd6c1d9c18cea56a4"
  integrity sha512-24e6ynE2H+OKt4kqsOvNd8kBpV65zoxbA4BVsEOB3ARVWQki/DHzaUoC5KuON/BiccDaCCTZBuOcfZs70kR8bQ==

react-lifecycles-compat@^3.0.4:
  version "3.0.4"
  resolved "https://registry.yarnpkg.com/react-lifecycles-compat/-/react-lifecycles-compat-3.0.4.tgz#4f1a273afdfc8f3488a8c516bfda78f872352362"
  integrity sha512-fBASbA6LnOU9dOU2eW7aQ8xmYBSXUIWr+UmF9b1efZBazGNO+rcXT/icdKnYm2pTwcRylVUYwW7H1PHfLekVzA==

react-resize-detector@^6.6.3:
  version "6.7.8"
  resolved "https://registry.yarnpkg.com/react-resize-detector/-/react-resize-detector-6.7.8.tgz#318c85d1335e50f99d4fb8eb9ec34e066db597d0"
  integrity sha512-0FaEcUBAbn+pq3PT5a9hHRebUfuS1SRLGLpIw8LydU7zX429I6XJgKerKAMPsJH0qWAl6o5bVKNqFJqr6tGPYw==
  dependencies:
    "@types/resize-observer-browser" "^0.1.6"
    lodash "^4.17.21"
    resize-observer-polyfill "^1.5.1"

react-smooth@^2.0.0:
  version "2.0.0"
  resolved "https://registry.yarnpkg.com/react-smooth/-/react-smooth-2.0.0.tgz#561647b33e498b2e25f449b3c6689b2e9111bf91"
  integrity sha512-wK4dBBR6P21otowgMT9toZk+GngMplGS1O5gk+2WSiHEXIrQgDvhR5IIlT74Vtu//qpTcipkgo21dD7a7AUNxw==
  dependencies:
    fast-equals "^2.0.0"
    raf "^3.4.0"
    react-transition-group "2.9.0"

react-transition-group@2.9.0:
  version "2.9.0"
  resolved "https://registry.yarnpkg.com/react-transition-group/-/react-transition-group-2.9.0.tgz#df9cdb025796211151a436c69a8f3b97b5b07c8d"
  integrity sha512-+HzNTCHpeQyl4MJ/bdE0u6XRMe9+XG/+aL4mCxVN4DnPBQ0/5bfHWPDuOZUzYdMj94daZaZdCCc1Dzt9R/xSSg==
  dependencies:
    dom-helpers "^3.4.0"
    loose-envify "^1.4.0"
    prop-types "^15.6.2"
    react-lifecycles-compat "^3.0.4"

react@^17.0.2:
  version "17.0.2"
  resolved "https://registry.npmjs.org/react/-/react-17.0.2.tgz"
  integrity sha512-gnhPt75i/dq/z3/6q/0asP78D0u592D5L1pd7M8P+dck6Fu/jJeL6iVVK23fptSUZj8Vjf++7wXA8UNclGQcbA==
  dependencies:
    loose-envify "^1.1.0"
    object-assign "^4.1.1"

recharts-scale@^0.4.4:
  version "0.4.5"
  resolved "https://registry.yarnpkg.com/recharts-scale/-/recharts-scale-0.4.5.tgz#0969271f14e732e642fcc5bd4ab270d6e87dd1d9"
  integrity sha512-kivNFO+0OcUNu7jQquLXAxz1FIwZj8nrj+YkOKc5694NbjCvcT6aSZiIzNzd2Kul4o4rTto8QVR9lMNtxD4G1w==
  dependencies:
    decimal.js-light "^2.4.1"

recharts@^2.1.9:
  version "2.1.9"
  resolved "https://registry.yarnpkg.com/recharts/-/recharts-2.1.9.tgz#a52d411a7d822d118f7754cfc9c50db8fab46fb9"
  integrity sha512-VozH5uznUvGqD7n224FGj7cmMAenlS0HPCs+7r2HeeHiQK6un6z0CTZfWVAB860xbcr4m+BN/EGMPZmYWd34Rg==
  dependencies:
    "@types/d3-interpolate" "^2.0.0"
    "@types/d3-scale" "^3.0.0"
    "@types/d3-shape" "^2.0.0"
    classnames "^2.2.5"
    d3-interpolate "^2.0.0"
    d3-scale "^3.0.0"
    d3-shape "^2.0.0"
    eventemitter3 "^4.0.1"
    lodash "^4.17.19"
    react-is "^16.10.2"
    react-resize-detector "^6.6.3"
    react-smooth "^2.0.0"
    recharts-scale "^0.4.4"
    reduce-css-calc "^2.1.8"

redis-errors@^1.0.0, redis-errors@^1.2.0:
  version "1.2.0"
  resolved "https://registry.npmjs.org/redis-errors/-/redis-errors-1.2.0.tgz"
  integrity sha1-62LSrbFeTq9GEMBK/hUpOEJQq60=

redis-parser@^3.0.0:
  version "3.0.0"
  resolved "https://registry.npmjs.org/redis-parser/-/redis-parser-3.0.0.tgz"
  integrity sha1-tm2CjNyv5rS4pCin3vTGvKwxyLQ=
  dependencies:
    redis-errors "^1.0.0"

reduce-css-calc@^2.1.8:
  version "2.1.8"
  resolved "https://registry.yarnpkg.com/reduce-css-calc/-/reduce-css-calc-2.1.8.tgz#7ef8761a28d614980dc0c982f772c93f7a99de03"
  integrity sha512-8liAVezDmUcH+tdzoEGrhfbGcP7nOV4NkGE3a74+qqvE7nt9i4sKLGBuZNOnpI4WiGksiNPklZxva80061QiPg==
  dependencies:
    css-unit-converter "^1.1.1"
    postcss-value-parser "^3.3.0"

regenerator-runtime@^0.13.4:
  version "0.13.9"
  resolved "https://registry.yarnpkg.com/regenerator-runtime/-/regenerator-runtime-0.13.9.tgz#8925742a98ffd90814988d7566ad30ca3b263b52"
  integrity sha512-p3VT+cOEgxFsRRA9X4lkI1E+k2/CtnKtU4gcxyaCUreilL/vqI6CdZ3wxVUx3UOUg+gnUOQQcRI7BmSI656MYA==

resize-observer-polyfill@^1.5.1:
  version "1.5.1"
  resolved "https://registry.yarnpkg.com/resize-observer-polyfill/-/resize-observer-polyfill-1.5.1.tgz#0e9020dd3d21024458d4ebd27e23e40269810464"
  integrity sha512-LwZrotdHOo12nQuZlHEmtuXdqGoOD0OhaxopaNFxWzInpEgaLWoVuAMbTzixuosCx2nEG58ngzW3vxdWoxIgdg==

rgb-hex@^3.0.0:
  version "3.0.0"
  resolved "https://registry.yarnpkg.com/rgb-hex/-/rgb-hex-3.0.0.tgz#eab0168cc1279563b18a14605315389142e2e487"
  integrity sha512-8h7ZcwxCBDKvchSWbWngJuSCqJGQ6nDuLLg+QcRyQDbX9jMWt+PpPeXAhSla0GOooEomk3lCprUpGkMdsLjKyg==

scheduler@^0.20.2:
  version "0.20.2"
  resolved "https://registry.npmjs.org/scheduler/-/scheduler-0.20.2.tgz"
  integrity sha512-2eWfGgAqqWFGqtdMmcL5zCMK1U8KlXv8SQFGglL3CEtd0aDVDWgeF/YoCmvln55m5zSk3J/20hTaSBeSObsQDQ==
  dependencies:
    loose-envify "^1.1.0"
    object-assign "^4.1.1"

source-map-js@^1.0.1:
  version "1.0.2"
  resolved "https://registry.npmjs.org/source-map-js/-/source-map-js-1.0.2.tgz"
  integrity sha512-R0XvVJ9WusLiqTCEiGCmICCMplcCkIwwR11mOSD9CR5u+IXYdiseeEuXCVAjS54zqwkLcPNnmU4OeJ6tUrWhDw==

standard-as-callback@^2.1.0:
  version "2.1.0"
  resolved "https://registry.npmjs.org/standard-as-callback/-/standard-as-callback-2.1.0.tgz"
  integrity sha512-qoRRSyROncaz1z0mvYqIE4lCd9p2R90i6GxW3uZv5ucSu8tU7B5HXUP1gG8pVZsYNVaXjk8ClXHPttLyxAL48A==

string-to-color@^2.2.2:
  version "2.2.2"
  resolved "https://registry.yarnpkg.com/string-to-color/-/string-to-color-2.2.2.tgz#46210bf7777dc9198dcdf997bd18ae6749cc9a73"
  integrity sha512-XeA2goP7PNsSlz8RRn6KhYswnMf5Tl+38ajfy8n4oZJyMGC4qqKgHNHsZ/3qwvr42NRIjf9eSr721SyetDeMkA==
  dependencies:
    colornames "^1.1.1"
    hex-rgb "^4.1.0"
    lodash.padend "^4.6.1"
    lodash.trimstart "^4.5.1"
    lodash.words "^4.2.0"
    rgb-hex "^3.0.0"

styled-jsx@5.0.2:
  version "5.0.2"
  resolved "https://registry.npmjs.org/styled-jsx/-/styled-jsx-5.0.2.tgz"
  integrity sha512-LqPQrbBh3egD57NBcHET4qcgshPks+yblyhPlH2GY8oaDgKs8SK4C3dBh3oSJjgzJ3G5t1SYEZGHkP+QEpX9EQ==

swr@^1.3.0:
  version "1.3.0"
  resolved "https://registry.npmjs.org/swr/-/swr-1.3.0.tgz"
  integrity sha512-dkghQrOl2ORX9HYrMDtPa7LTVHJjCTeZoB1dqTbnnEDlSvN8JEKpYIYurDfvbQFUUS8Cg8PceFVZNkW0KNNYPw==

tslib@^2.0.1, tslib@^2.1.0:
  version "2.4.0"
  resolved "https://registry.npmjs.org/tslib/-/tslib-2.4.0.tgz"
  integrity sha512-d6xOpEDfsi2CZVlPQzGeux8XMwLT9hssAsaPYExaQMuYskwb+x1x7J371tWlbBdWHroy99KnVB6qIkUbs5X3UQ==

typescript@4.0:
  version "4.0.8"
  resolved "https://registry.npmjs.org/typescript/-/typescript-4.0.8.tgz"
  integrity sha512-oz1765PN+imfz1MlZzSZPtC/tqcwsCyIYA8L47EkRnRW97ztRk83SzMiWLrnChC0vqoYxSU1fcFUDA5gV/ZiPg==
